
Microsoft Visual Studio Solution File, Format Version 12.00
# Visual Studio Version 17
VisualStudioVersion = 17.9.34728.123
MinimumVisualStudioVersion = 10.0.40219.1
Project("{FAE04EC0-301F-11D3-BF4B-00C04F79EFBC}") = "VariablesConstantes", "VariablesConstantes\VariablesConstantes.csproj", "{AE7C1001-AB55-4133-84C9-A53B1FB965E6}"
EndProject
Global
	GlobalSection(SolutionConfigurationPlatforms) = preSolution
		Debug|Any CPU = Debug|Any CPU
		Release|Any CPU = Release|Any CPU
	EndGlobalSection
	GlobalSection(ProjectConfigurationPlatforms) = postSolution
		{AE7C1001-AB55-4133-84C9-A53B1FB965E6}.Debug|Any CPU.ActiveCfg = Debug|Any CPU
		{AE7C1001-AB55-4133-84C9-A53B1FB965E6}.Debug|Any CPU.Build.0 = Debug|Any CPU
		{AE7C1001-AB55-4133-84C9-A53B1FB965E6}.Release|Any CPU.ActiveCfg = Release|Any CPU
		{AE7C1001-AB55-4133-84C9-A53B1FB965E6}.Release|Any CPU.Build.0 = Release|Any CPU
	EndGlobalSection
	GlobalSection(SolutionProperties) = preSolution
		HideSolutionNode = FALSE
	EndGlobalSection
	GlobalSection(ExtensibilityGlobals) = postSolution
		SolutionGuid = {425B2B64-447E-41DB-997E-4A2A67D82522}
	EndGlobalSection
EndGlobal
