
Microsoft Visual Studio Solution File, Format Version 12.00
# Visual Studio Version 17
VisualStudioVersion = 17.10.34928.147
MinimumVisualStudioVersion = 10.0.40219.1
Project("{FAE04EC0-301F-11D3-BF4B-00C04F79EFBC}") = "HerenciaDeClases", "HerenciaDeClases.csproj", "{489682B9-9803-4D9E-8E16-9025FAFA6482}"
EndProject
Global
	GlobalSection(SolutionConfigurationPlatforms) = preSolution
		Debug|Any CPU = Debug|Any CPU
		Release|Any CPU = Release|Any CPU
	EndGlobalSection
	GlobalSection(ProjectConfigurationPlatforms) = postSolution
		{489682B9-9803-4D9E-8E16-9025FAFA6482}.Debug|Any CPU.ActiveCfg = Debug|Any CPU
		{489682B9-9803-4D9E-8E16-9025FAFA6482}.Debug|Any CPU.Build.0 = Debug|Any CPU
		{489682B9-9803-4D9E-8E16-9025FAFA6482}.Release|Any CPU.ActiveCfg = Release|Any CPU
		{489682B9-9803-4D9E-8E16-9025FAFA6482}.Release|Any CPU.Build.0 = Release|Any CPU
	EndGlobalSection
	GlobalSection(SolutionProperties) = preSolution
		HideSolutionNode = FALSE
	EndGlobalSection
	GlobalSection(ExtensibilityGlobals) = postSolution
		SolutionGuid = {B24ABC81-8696-42D5-8299-1451BAEBF972}
	EndGlobalSection
EndGlobal
