
Microsoft Visual Studio Solution File, Format Version 12.00
# Visual Studio Version 17
VisualStudioVersion = 17.10.34928.147
MinimumVisualStudioVersion = 10.0.40219.1
Project("{FAE04EC0-301F-11D3-BF4B-00C04F79EFBC}") = "DeteccionDeEventos", "DeteccionDeEventos.csproj", "{B1D912A3-471C-45D0-89EF-5A9B222D1ACC}"
EndProject
Global
	GlobalSection(SolutionConfigurationPlatforms) = preSolution
		Debug|Any CPU = Debug|Any CPU
		Release|Any CPU = Release|Any CPU
	EndGlobalSection
	GlobalSection(ProjectConfigurationPlatforms) = postSolution
		{B1D912A3-471C-45D0-89EF-5A9B222D1ACC}.Debug|Any CPU.ActiveCfg = Debug|Any CPU
		{B1D912A3-471C-45D0-89EF-5A9B222D1ACC}.Debug|Any CPU.Build.0 = Debug|Any CPU
		{B1D912A3-471C-45D0-89EF-5A9B222D1ACC}.Release|Any CPU.ActiveCfg = Release|Any CPU
		{B1D912A3-471C-45D0-89EF-5A9B222D1ACC}.Release|Any CPU.Build.0 = Release|Any CPU
	EndGlobalSection
	GlobalSection(SolutionProperties) = preSolution
		HideSolutionNode = FALSE
	EndGlobalSection
	GlobalSection(ExtensibilityGlobals) = postSolution
		SolutionGuid = {A930AE0C-7357-4BE9-8E8D-B1659FD3A38B}
	EndGlobalSection
EndGlobal
